
Microsoft Visual Studio Solution File, Format Version 12.00
# Visual Studio Version 16
VisualStudioVersion = 16.0.33214.272
MinimumVisualStudioVersion = 10.0.40219.1
Project("{FAE04EC0-301F-11D3-BF4B-00C04F79EFBC}") = "Presentacion", "Presentacion\Presentacion.csproj", "{2EF48B55-0DE5-46E9-8E98-B59FD078A8E9}"
EndProject
Project("{FAE04EC0-301F-11D3-BF4B-00C04F79EFBC}") = "Dominio", "Dominio\Dominio.csproj", "{8A2ACBF0-CE8C-470A-851B-CBE1518D1516}"
EndProject
Project("{FAE04EC0-301F-11D3-BF4B-00C04F79EFBC}") = "Negocio", "Negocio\Negocio.csproj", "{81569C8F-8BC3-486B-8462-27B1C7132BE5}"
EndProject
Global
	GlobalSection(SolutionConfigurationPlatforms) = preSolution
		Debug|Any CPU = Debug|Any CPU
		Release|Any CPU = Release|Any CPU
	EndGlobalSection
	GlobalSection(ProjectConfigurationPlatforms) = postSolution
		{2EF48B55-0DE5-46E9-8E98-B59FD078A8E9}.Debug|Any CPU.ActiveCfg = Debug|Any CPU
		{2EF48B55-0DE5-46E9-8E98-B59FD078A8E9}.Debug|Any CPU.Build.0 = Debug|Any CPU
		{2EF48B55-0DE5-46E9-8E98-B59FD078A8E9}.Release|Any CPU.ActiveCfg = Release|Any CPU
		{2EF48B55-0DE5-46E9-8E98-B59FD078A8E9}.Release|Any CPU.Build.0 = Release|Any CPU
		{8A2ACBF0-CE8C-470A-851B-CBE1518D1516}.Debug|Any CPU.ActiveCfg = Debug|Any CPU
		{8A2ACBF0-CE8C-470A-851B-CBE1518D1516}.Debug|Any CPU.Build.0 = Debug|Any CPU
		{8A2ACBF0-CE8C-470A-851B-CBE1518D1516}.Release|Any CPU.ActiveCfg = Release|Any CPU
		{8A2ACBF0-CE8C-470A-851B-CBE1518D1516}.Release|Any CPU.Build.0 = Release|Any CPU
		{81569C8F-8BC3-486B-8462-27B1C7132BE5}.Debug|Any CPU.ActiveCfg = Debug|Any CPU
		{81569C8F-8BC3-486B-8462-27B1C7132BE5}.Debug|Any CPU.Build.0 = Debug|Any CPU
		{81569C8F-8BC3-486B-8462-27B1C7132BE5}.Release|Any CPU.ActiveCfg = Release|Any CPU
		{81569C8F-8BC3-486B-8462-27B1C7132BE5}.Release|Any CPU.Build.0 = Release|Any CPU
	EndGlobalSection
	GlobalSection(SolutionProperties) = preSolution
		HideSolutionNode = FALSE
	EndGlobalSection
	GlobalSection(ExtensibilityGlobals) = postSolution
		SolutionGuid = {C857DF7F-2C16-4AC9-89EA-993D0CCD9BF1}
	EndGlobalSection
EndGlobal
